
Microsoft Visual Studio Solution File, Format Version 12.00
# Visual Studio Version 16
VisualStudioVersion = 16.0.29926.136
MinimumVisualStudioVersion = 10.0.40219.1
Project("{504C2566-7B28-41C6-AD43-AA08862D8551}") = "CommonGround", "CommonGround\CommonGround.csproj", "{CE8F0A9F-7DD4-4DA3-A383-4F4B363F943C}"
EndProject
Project("{6F7B25D4-E281-4BC2-8C3E-1DBFEADDDF19}") = "Solution Items", "Solution Items", "{CB952EE4-D811-467F-A668-D12A8A5F09F3}"
	ProjectSection(SolutionItems) = preProject
		.github\workflows\Main.yml = .github\workflows\Main.yml
	EndProjectSection
EndProject
Global
	GlobalSection(SolutionConfigurationPlatforms) = preSolution
		Debug|Any CPU = Debug|Any CPU
		Release|Any CPU = Release|Any CPU
		Workshop|Any CPU = Workshop|Any CPU
	EndGlobalSection
	GlobalSection(ProjectConfigurationPlatforms) = postSolution
		{CE8F0A9F-7DD4-4DA3-A383-4F4B363F943C}.Debug|Any CPU.ActiveCfg = Debug|Any CPU
		{CE8F0A9F-7DD4-4DA3-A383-4F4B363F943C}.Debug|Any CPU.Build.0 = Debug|Any CPU
		{CE8F0A9F-7DD4-4DA3-A383-4F4B363F943C}.Release|Any CPU.ActiveCfg = Release|Any CPU
		{CE8F0A9F-7DD4-4DA3-A383-4F4B363F943C}.Release|Any CPU.Build.0 = Release|Any CPU
		{CE8F0A9F-7DD4-4DA3-A383-4F4B363F943C}.Workshop|Any CPU.ActiveCfg = Workshop|Any CPU
		{CE8F0A9F-7DD4-4DA3-A383-4F4B363F943C}.Workshop|Any CPU.Build.0 = Workshop|Any CPU
	EndGlobalSection
	GlobalSection(SolutionProperties) = preSolution
		HideSolutionNode = FALSE
	EndGlobalSection
	GlobalSection(ExtensibilityGlobals) = postSolution
		SolutionGuid = {3E70877A-D9DF-4D17-837F-E4C4A7B2B269}
	EndGlobalSection
EndGlobal
